
Microsoft Visual Studio Solution File, Format Version 12.00
# Visual Studio Version 16
VisualStudioVersion = 16.0.29806.167
MinimumVisualStudioVersion = 10.0.40219.1
Project("{FAE04EC0-301F-11D3-BF4B-00C04F79EFBC}") = "00.ShieldSPI", "ShieldSPI\00.ShieldSPI.csproj", "{B3261098-9A60-4F00-AFDE-FD1F0B77A80B}"
EndProject
Project("{FAE04EC0-301F-11D3-BF4B-00C04F79EFBC}") = "01.RegisterScan", "RegisterScan\01.RegisterScan.csproj", "{98F79F18-80F5-4815-BC5A-1A8A1161EA41}"
EndProject
Project("{FAE04EC0-301F-11D3-BF4B-00C04F79EFBC}") = "02.RegisterReadAndWrite", "RegisterReadAndWrite\02.RegisterReadAndWrite.csproj", "{CD63A96E-542F-4C69-A0C1-F8C44EA574F2}"
EndProject
Project("{FAE04EC0-301F-11D3-BF4B-00C04F79EFBC}") = "03.TransmitBasic", "TransmitBasic\03.TransmitBasic.csproj", "{F8FA8D45-6C8D-4AE1-862B-D5274388854C}"
EndProject
Project("{FAE04EC0-301F-11D3-BF4B-00C04F79EFBC}") = "04.ReceiveBasic", "ReceiveBasic\04.ReceiveBasic.csproj", "{ACC1D654-38C3-4DC7-85B0-CB4BBC0A17D7}"
EndProject
Project("{FAE04EC0-301F-11D3-BF4B-00C04F79EFBC}") = "05.ReceiveInterrupt", "ReceiveInterrupt\05.ReceiveInterrupt.csproj", "{61861419-DEED-41AB-BF2D-8B0617A30C45}"
EndProject
Project("{FAE04EC0-301F-11D3-BF4B-00C04F79EFBC}") = "06.TransmitInterrupt", "TransmitInterrupt\06.TransmitInterrupt.csproj", "{1357E762-3030-403D-921B-C6AD7312F397}"
EndProject
Project("{FAE04EC0-301F-11D3-BF4B-00C04F79EFBC}") = "07.ReceiveTransmitInterrupt", "ReceiveTransmitInterrupt\07.ReceiveTransmitInterrupt.csproj", "{B3A8AA1C-4A38-4D43-8C2A-840676FF1456}"
EndProject
Project("{FAE04EC0-301F-11D3-BF4B-00C04F79EFBC}") = "Rfm9XLoRaDevice", "Rfm9XLoRaDevice\Rfm9XLoRaDevice.csproj", "{39D33294-E42B-4FA0-9A0C-1D170A9F690E}"
EndProject
Project("{FAE04EC0-301F-11D3-BF4B-00C04F79EFBC}") = "Rfm9xLoRaDeviceClient", "Rfm9xLoRaDeviceClient\Rfm9xLoRaDeviceClient.csproj", "{E1833D5F-9F04-4478-92B8-BD8378AEBCFA}"
EndProject
Global
	GlobalSection(SolutionConfigurationPlatforms) = preSolution
		Debug|Any CPU = Debug|Any CPU
		Release|Any CPU = Release|Any CPU
	EndGlobalSection
	GlobalSection(ProjectConfigurationPlatforms) = postSolution
		{B3261098-9A60-4F00-AFDE-FD1F0B77A80B}.Debug|Any CPU.ActiveCfg = Debug|Any CPU
		{B3261098-9A60-4F00-AFDE-FD1F0B77A80B}.Debug|Any CPU.Build.0 = Debug|Any CPU
		{B3261098-9A60-4F00-AFDE-FD1F0B77A80B}.Debug|Any CPU.Deploy.0 = Debug|Any CPU
		{B3261098-9A60-4F00-AFDE-FD1F0B77A80B}.Release|Any CPU.ActiveCfg = Release|Any CPU
		{B3261098-9A60-4F00-AFDE-FD1F0B77A80B}.Release|Any CPU.Build.0 = Release|Any CPU
		{B3261098-9A60-4F00-AFDE-FD1F0B77A80B}.Release|Any CPU.Deploy.0 = Release|Any CPU
		{98F79F18-80F5-4815-BC5A-1A8A1161EA41}.Debug|Any CPU.ActiveCfg = Debug|Any CPU
		{98F79F18-80F5-4815-BC5A-1A8A1161EA41}.Debug|Any CPU.Build.0 = Debug|Any CPU
		{98F79F18-80F5-4815-BC5A-1A8A1161EA41}.Debug|Any CPU.Deploy.0 = Debug|Any CPU
		{98F79F18-80F5-4815-BC5A-1A8A1161EA41}.Release|Any CPU.ActiveCfg = Release|Any CPU
		{98F79F18-80F5-4815-BC5A-1A8A1161EA41}.Release|Any CPU.Build.0 = Release|Any CPU
		{98F79F18-80F5-4815-BC5A-1A8A1161EA41}.Release|Any CPU.Deploy.0 = Release|Any CPU
		{CD63A96E-542F-4C69-A0C1-F8C44EA574F2}.Debug|Any CPU.ActiveCfg = Debug|Any CPU
		{CD63A96E-542F-4C69-A0C1-F8C44EA574F2}.Debug|Any CPU.Build.0 = Debug|Any CPU
		{CD63A96E-542F-4C69-A0C1-F8C44EA574F2}.Debug|Any CPU.Deploy.0 = Debug|Any CPU
		{CD63A96E-542F-4C69-A0C1-F8C44EA574F2}.Release|Any CPU.ActiveCfg = Release|Any CPU
		{CD63A96E-542F-4C69-A0C1-F8C44EA574F2}.Release|Any CPU.Build.0 = Release|Any CPU
		{CD63A96E-542F-4C69-A0C1-F8C44EA574F2}.Release|Any CPU.Deploy.0 = Release|Any CPU
		{F8FA8D45-6C8D-4AE1-862B-D5274388854C}.Debug|Any CPU.ActiveCfg = Debug|Any CPU
		{F8FA8D45-6C8D-4AE1-862B-D5274388854C}.Debug|Any CPU.Build.0 = Debug|Any CPU
		{F8FA8D45-6C8D-4AE1-862B-D5274388854C}.Debug|Any CPU.Deploy.0 = Debug|Any CPU
		{F8FA8D45-6C8D-4AE1-862B-D5274388854C}.Release|Any CPU.ActiveCfg = Release|Any CPU
		{F8FA8D45-6C8D-4AE1-862B-D5274388854C}.Release|Any CPU.Build.0 = Release|Any CPU
		{F8FA8D45-6C8D-4AE1-862B-D5274388854C}.Release|Any CPU.Deploy.0 = Release|Any CPU
		{ACC1D654-38C3-4DC7-85B0-CB4BBC0A17D7}.Debug|Any CPU.ActiveCfg = Debug|Any CPU
		{ACC1D654-38C3-4DC7-85B0-CB4BBC0A17D7}.Debug|Any CPU.Build.0 = Debug|Any CPU
		{ACC1D654-38C3-4DC7-85B0-CB4BBC0A17D7}.Debug|Any CPU.Deploy.0 = Debug|Any CPU
		{ACC1D654-38C3-4DC7-85B0-CB4BBC0A17D7}.Release|Any CPU.ActiveCfg = Release|Any CPU
		{ACC1D654-38C3-4DC7-85B0-CB4BBC0A17D7}.Release|Any CPU.Build.0 = Release|Any CPU
		{ACC1D654-38C3-4DC7-85B0-CB4BBC0A17D7}.Release|Any CPU.Deploy.0 = Release|Any CPU
		{61861419-DEED-41AB-BF2D-8B0617A30C45}.Debug|Any CPU.ActiveCfg = Debug|Any CPU
		{61861419-DEED-41AB-BF2D-8B0617A30C45}.Debug|Any CPU.Build.0 = Debug|Any CPU
		{61861419-DEED-41AB-BF2D-8B0617A30C45}.Debug|Any CPU.Deploy.0 = Debug|Any CPU
		{61861419-DEED-41AB-BF2D-8B0617A30C45}.Release|Any CPU.ActiveCfg = Release|Any CPU
		{61861419-DEED-41AB-BF2D-8B0617A30C45}.Release|Any CPU.Build.0 = Release|Any CPU
		{61861419-DEED-41AB-BF2D-8B0617A30C45}.Release|Any CPU.Deploy.0 = Release|Any CPU
		{1357E762-3030-403D-921B-C6AD7312F397}.Debug|Any CPU.ActiveCfg = Debug|Any CPU
		{1357E762-3030-403D-921B-C6AD7312F397}.Debug|Any CPU.Build.0 = Debug|Any CPU
		{1357E762-3030-403D-921B-C6AD7312F397}.Debug|Any CPU.Deploy.0 = Debug|Any CPU
		{1357E762-3030-403D-921B-C6AD7312F397}.Release|Any CPU.ActiveCfg = Release|Any CPU
		{1357E762-3030-403D-921B-C6AD7312F397}.Release|Any CPU.Build.0 = Release|Any CPU
		{1357E762-3030-403D-921B-C6AD7312F397}.Release|Any CPU.Deploy.0 = Release|Any CPU
		{B3A8AA1C-4A38-4D43-8C2A-840676FF1456}.Debug|Any CPU.ActiveCfg = Debug|Any CPU
		{B3A8AA1C-4A38-4D43-8C2A-840676FF1456}.Debug|Any CPU.Build.0 = Debug|Any CPU
		{B3A8AA1C-4A38-4D43-8C2A-840676FF1456}.Debug|Any CPU.Deploy.0 = Debug|Any CPU
		{B3A8AA1C-4A38-4D43-8C2A-840676FF1456}.Release|Any CPU.ActiveCfg = Release|Any CPU
		{B3A8AA1C-4A38-4D43-8C2A-840676FF1456}.Release|Any CPU.Build.0 = Release|Any CPU
		{B3A8AA1C-4A38-4D43-8C2A-840676FF1456}.Release|Any CPU.Deploy.0 = Release|Any CPU
		{39D33294-E42B-4FA0-9A0C-1D170A9F690E}.Debug|Any CPU.ActiveCfg = Debug|Any CPU
		{39D33294-E42B-4FA0-9A0C-1D170A9F690E}.Debug|Any CPU.Build.0 = Debug|Any CPU
		{39D33294-E42B-4FA0-9A0C-1D170A9F690E}.Release|Any CPU.ActiveCfg = Release|Any CPU
		{39D33294-E42B-4FA0-9A0C-1D170A9F690E}.Release|Any CPU.Build.0 = Release|Any CPU
		{E1833D5F-9F04-4478-92B8-BD8378AEBCFA}.Debug|Any CPU.ActiveCfg = Debug|Any CPU
		{E1833D5F-9F04-4478-92B8-BD8378AEBCFA}.Debug|Any CPU.Build.0 = Debug|Any CPU
		{E1833D5F-9F04-4478-92B8-BD8378AEBCFA}.Debug|Any CPU.Deploy.0 = Debug|Any CPU
		{E1833D5F-9F04-4478-92B8-BD8378AEBCFA}.Release|Any CPU.ActiveCfg = Release|Any CPU
		{E1833D5F-9F04-4478-92B8-BD8378AEBCFA}.Release|Any CPU.Build.0 = Release|Any CPU
		{E1833D5F-9F04-4478-92B8-BD8378AEBCFA}.Release|Any CPU.Deploy.0 = Release|Any CPU
	EndGlobalSection
	GlobalSection(SolutionProperties) = preSolution
		HideSolutionNode = FALSE
	EndGlobalSection
	GlobalSection(ExtensibilityGlobals) = postSolution
		SolutionGuid = {EB39544C-1C1C-4966-BE4E-00F1C2F15CA0}
	EndGlobalSection
EndGlobal
